
Microsoft Visual Studio Solution File, Format Version 12.00
# Visual Studio Version 17
VisualStudioVersion = 17.0.32126.317
MinimumVisualStudioVersion = 10.0.40219.1
Project("{FAE04EC0-301F-11D3-BF4B-00C04F79EFBC}") = "WindowsFormsApp1", "WindowsFormsApp1.csproj", "{0273C395-6A61-4EDF-A70D-0DDB2303933E}"
EndProject
Global
	GlobalSection(SolutionConfigurationPlatforms) = preSolution
		Debug|Any CPU = Debug|Any CPU
		Release|Any CPU = Release|Any CPU
	EndGlobalSection
	GlobalSection(ProjectConfigurationPlatforms) = postSolution
		{0273C395-6A61-4EDF-A70D-0DDB2303933E}.Debug|Any CPU.ActiveCfg = Debug|Any CPU
		{0273C395-6A61-4EDF-A70D-0DDB2303933E}.Debug|Any CPU.Build.0 = Debug|Any CPU
		{0273C395-6A61-4EDF-A70D-0DDB2303933E}.Release|Any CPU.ActiveCfg = Release|Any CPU
		{0273C395-6A61-4EDF-A70D-0DDB2303933E}.Release|Any CPU.Build.0 = Release|Any CPU
	EndGlobalSection
	GlobalSection(SolutionProperties) = preSolution
		HideSolutionNode = FALSE
	EndGlobalSection
	GlobalSection(ExtensibilityGlobals) = postSolution
		SolutionGuid = {29AAB3C1-C517-4834-851C-7C9700C70A3E}
	EndGlobalSection
EndGlobal
